Microsoft Visual Studio Solution File, Format Version 12.00
# Visual Studio Version 17
VisualStudioVersion = 17.5.2.0
MinimumVisualStudioVersion = 10.0.40219.1
Project("{FAE04EC0-301F-11D3-BF4B-00C04F79EFBC}") = "IdentityAndDataProtection", "IdentityAndDataProtection.csproj", "{3C96D542-37D3-3610-75EA-4F2D4EA1D105}"
EndProject
Global
	GlobalSection(SolutionConfigurationPlatforms) = preSolution
		Debug|Any CPU = Debug|Any CPU
		Release|Any CPU = Release|Any CPU
	EndGlobalSection
	GlobalSection(ProjectConfigurationPlatforms) = postSolution
		{3C96D542-37D3-3610-75EA-4F2D4EA1D105}.Debug|Any CPU.ActiveCfg = Debug|Any CPU
		{3C96D542-37D3-3610-75EA-4F2D4EA1D105}.Debug|Any CPU.Build.0 = Debug|Any CPU
		{3C96D542-37D3-3610-75EA-4F2D4EA1D105}.Release|Any CPU.ActiveCfg = Release|Any CPU
		{3C96D542-37D3-3610-75EA-4F2D4EA1D105}.Release|Any CPU.Build.0 = Release|Any CPU
	EndGlobalSection
	GlobalSection(SolutionProperties) = preSolution
		HideSolutionNode = FALSE
	EndGlobalSection
	GlobalSection(ExtensibilityGlobals) = postSolution
		SolutionGuid = {888A86FD-9218-4BBF-9F7F-528223E8B618}
	EndGlobalSection
EndGlobal
